
Microsoft Visual Studio Solution File, Format Version 11.00
# Visual Studio 2010
Project("{FAE04EC0-301F-11D3-BF4B-00C04F79EFBC}") = "GameStudio2", "Assembly-CSharp.csproj", "{C77EF33E-6283-91D6-B68E-4B7B395D1CAE}"
EndProject
Project("{FAE04EC0-301F-11D3-BF4B-00C04F79EFBC}") = "GameStudio2", "Assembly-CSharp-firstpass.csproj", "{666E9BED-B080-1D0E-D707-3717C4917CB8}"
EndProject
Project("{FAE04EC0-301F-11D3-BF4B-00C04F79EFBC}") = "GameStudio2", "Assembly-CSharp-Editor-firstpass.csproj", "{676E15B2-838F-FB44-11AD-ABC183325FDE}"
EndProject
Project("{FAE04EC0-301F-11D3-BF4B-00C04F79EFBC}") = "GameStudio2", "Assembly-CSharp-Editor.csproj", "{E6BA1BF3-6892-3C5F-DF72-3F5B67C41787}"
EndProject
Global
	GlobalSection(SolutionConfigurationPlatforms) = preSolution
		Debug|Any CPU = Debug|Any CPU
		Release|Any CPU = Release|Any CPU
	EndGlobalSection
	GlobalSection(ProjectConfigurationPlatforms) = postSolution
		{C77EF33E-6283-91D6-B68E-4B7B395D1CAE}.Debug|Any CPU.ActiveCfg = Debug|Any CPU
		{C77EF33E-6283-91D6-B68E-4B7B395D1CAE}.Debug|Any CPU.Build.0 = Debug|Any CPU
		{C77EF33E-6283-91D6-B68E-4B7B395D1CAE}.Release|Any CPU.ActiveCfg = Release|Any CPU
		{C77EF33E-6283-91D6-B68E-4B7B395D1CAE}.Release|Any CPU.Build.0 = Release|Any CPU
		{666E9BED-B080-1D0E-D707-3717C4917CB8}.Debug|Any CPU.ActiveCfg = Debug|Any CPU
		{666E9BED-B080-1D0E-D707-3717C4917CB8}.Debug|Any CPU.Build.0 = Debug|Any CPU
		{666E9BED-B080-1D0E-D707-3717C4917CB8}.Release|Any CPU.ActiveCfg = Release|Any CPU
		{666E9BED-B080-1D0E-D707-3717C4917CB8}.Release|Any CPU.Build.0 = Release|Any CPU
		{676E15B2-838F-FB44-11AD-ABC183325FDE}.Debug|Any CPU.ActiveCfg = Debug|Any CPU
		{676E15B2-838F-FB44-11AD-ABC183325FDE}.Debug|Any CPU.Build.0 = Debug|Any CPU
		{676E15B2-838F-FB44-11AD-ABC183325FDE}.Release|Any CPU.ActiveCfg = Release|Any CPU
		{676E15B2-838F-FB44-11AD-ABC183325FDE}.Release|Any CPU.Build.0 = Release|Any CPU
		{E6BA1BF3-6892-3C5F-DF72-3F5B67C41787}.Debug|Any CPU.ActiveCfg = Debug|Any CPU
		{E6BA1BF3-6892-3C5F-DF72-3F5B67C41787}.Debug|Any CPU.Build.0 = Debug|Any CPU
		{E6BA1BF3-6892-3C5F-DF72-3F5B67C41787}.Release|Any CPU.ActiveCfg = Release|Any CPU
		{E6BA1BF3-6892-3C5F-DF72-3F5B67C41787}.Release|Any CPU.Build.0 = Release|Any CPU
	EndGlobalSection
	GlobalSection(SolutionProperties) = preSolution
		HideSolutionNode = FALSE
	EndGlobalSection
	GlobalSection(MonoDevelopProperties) = preSolution
		StartupItem = Assembly-CSharp.csproj
	EndGlobalSection
EndGlobal
